
Microsoft Visual Studio Solution File, Format Version 9.00
# Visual Studio 2005
Project("{8BC9CEB8-8B4A-11D0-8D11-00A0C91BC942}") = "Study", "Study\Study.vcproj", "{B26BA222-44DD-4131-AB4D-84F6C3FA8B7A}"
EndProject
Global
	GlobalSection(SolutionConfigurationPlatforms) = preSolution
		Debug|Win32 = Debug|Win32
		Release|Win32 = Release|Win32
	EndGlobalSection
	GlobalSection(ProjectConfigurationPlatforms) = postSolution
		{B26BA222-44DD-4131-AB4D-84F6C3FA8B7A}.Debug|Win32.ActiveCfg = Release|Win32
		{B26BA222-44DD-4131-AB4D-84F6C3FA8B7A}.Debug|Win32.Build.0 = Release|Win32
		{B26BA222-44DD-4131-AB4D-84F6C3FA8B7A}.Release|Win32.ActiveCfg = Release|Win32
		{B26BA222-44DD-4131-AB4D-84F6C3FA8B7A}.Release|Win32.Build.0 = Release|Win32
	EndGlobalSection
	GlobalSection(SolutionProperties) = preSolution
		HideSolutionNode = FALSE
	EndGlobalSection
EndGlobal
